// !$*UTF8*$!
{
	archiveVersion = 1;
	classes = {
	};
	objectVersion = 50;
	objects = {

/* Begin PBXBuildFile section */
		CE38E9D1265399B800DE336B /* AppDelegate.swift in Sources */ = {isa = PBXBuildFile; fileRef = CE38E9D0265399B800DE336B /* AppDelegate.swift */; };
		CE38E9D3265399B800DE336B /* SceneDelegate.swift in Sources */ = {isa = PBXBuildFile; fileRef = CE38E9D2265399B800DE336B /* SceneDelegate.swift */; };
		CE38E9D5265399B800DE336B /* ViewController.swift in Sources */ = {isa = PBXBuildFile; fileRef = CE38E9D4265399B800DE336B /* ViewController.swift */; };
		CE38E9D8265399B800DE336B /* Main.storyboard in Resources */ = {isa = PBXBuildFile; fileRef = CE38E9D6265399B800DE336B /* Main.storyboard */; };
		CE38E9DA265399B900DE336B /* Assets.xcassets in Resources */ = {isa = PBXBuildFile; fileRef = CE38E9D9265399B900DE336B /* Assets.xcassets */; };
		CE38E9DD265399B900DE336B /* LaunchScreen.storyboard in Resources */ = {isa = PBXBuildFile; fileRef = CE38E9DB265399B900DE336B /* LaunchScreen.storyboard */; };
		CE38E9E8265399B900DE336B /* PhotoMasterTests.swift in Sources */ = {isa = PBXBuildFile; fileRef = CE38E9E7265399B900DE336B /* PhotoMasterTests.swift */; };
		CE38E9F3265399B900DE336B /* PhotoMasterUITests.swift in Sources */ = {isa = PBXBuildFile; fileRef = CE38E9F2265399B900DE336B /* PhotoMasterUITests.swift */; };
/* End PBXBuildFile section */

/* Begin PBXContainerItemProxy section */
		CE38E9E4265399B900DE336B /* PBXContainerItemProxy */ = {
			isa = PBXContainerItemProxy;
			containerPortal = CE38E9C5265399B800DE336B /* Project object */;
			proxyType = 1;
			remoteGlobalIDString = CE38E9CC265399B800DE336B;
			remoteInfo = PhotoMaster;
		};
		CE38E9EF265399B900DE336B /* PBXContainerItemProxy */ = {
			isa = PBXContainerItemProxy;
			containerPortal = CE38E9C5265399B800DE336B /* Project object */;
			proxyType = 1;
			remoteGlobalIDString = CE38E9CC265399B800DE336B;
			remoteInfo = PhotoMaster;
		};
/* End PBXContainerItemProxy section */

/* Begin PBXFileReference section */
		CE38E9CD265399B800DE336B /* PhotoMaster.app */ = {isa = PBXFileReference; explicitFileType = wrapper.application; includeInIndex = 0; path = PhotoMaster.app; sourceTree = BUILT_PRODUCTS_DIR; };
		CE38E9D0265399B800DE336B /* AppDelegate.swift */ = {isa = PBXFileReference; lastKnownFileType = sourcecode.swift; path = AppDelegate.swift; sourceTree = "<group>"; };
		CE38E9D2265399B800DE336B /* SceneDelegate.swift */ = {isa = PBXFileReference; lastKnownFileType = sourcecode.swift; path = SceneDelegate.swift; sourceTree = "<group>"; };
		CE38E9D4265399B800DE336B /* ViewController.swift */ = {isa = PBXFileReference; lastKnownFileType = sourcecode.swift; path = ViewController.swift; sourceTree = "<group>"; };
		CE38E9D7265399B800DE336B /* Base */ = {isa = PBXFileReference; lastKnownFileType = file.storyboard; name = Base; path = Base.lproj/Main.storyboard; sourceTree = "<group>"; };
		CE38E9D9265399B900DE336B /* Assets.xcassets */ = {isa = PBXFileReference; lastKnownFileType = folder.assetcatalog; path = Assets.xcassets; sourceTree = "<group>"; };
		CE38E9DC265399B900DE336B /* Base */ = {isa = PBXFileReference; lastKnownFileType = file.storyboard; name = Base; path = Base.lproj/LaunchScreen.storyboard; sourceTree = "<group>"; };
		CE38E9DE265399B900DE336B /* Info.plist */ = {isa = PBXFileReference; lastKnownFileType = text.plist.xml; path = Info.plist; sourceTree = "<group>"; };
		CE38E9E3265399B900DE336B /* PhotoMasterTests.xctest */ = {isa = PBXFileReference; explicitFileType = wrapper.cfbundle; includeInIndex = 0; path = PhotoMasterTests.xctest; sourceTree = BUILT_PRODUCTS_DIR; };
		CE38E9E7265399B900DE336B /* PhotoMasterTests.swift */ = {isa = PBXFileReference; lastKnownFileType = sourcecode.swift; path = PhotoMasterTests.swift; sourceTree = "<group>"; };
		CE38E9E9265399B900DE336B /* Info.plist */ = {isa = PBXFileReference; lastKnownFileType = text.plist.xml; path = Info.plist; sourceTree = "<group>"; };
		CE38E9EE265399B900DE336B /* PhotoMasterUITests.xctest */ = {isa = PBXFileReference; explicitFileType = wrapper.cfbundle; includeInIndex = 0; path = PhotoMasterUITests.xctest; sourceTree = BUILT_PRODUCTS_DIR; };
		CE38E9F2265399B900DE336B /* PhotoMasterUITests.swift */ = {isa = PBXFileReference; lastKnownFileType = sourcecode.swift; path = PhotoMasterUITests.swift; sourceTree = "<group>"; };
		CE38E9F4265399B900DE336B /* Info.plist */ = {isa = PBXFileReference; lastKnownFileType = text.plist.xml; path = Info.plist; sourceTree = "<group>"; };
/* End PBXFileReference section */

/* Begin PBXFrameworksBuildPhase section */
		CE38E9CA265399B800DE336B /* Frameworks */ = {
			isa = PBXFrameworksBuildPhase;
			buildActionMask = 2147483647;
			files = (
			);
			runOnlyForDeploymentPostprocessing = 0;
		};
		CE38E9E0265399B900DE336B /* Frameworks */ = {
			isa = PBXFrameworksBuildPhase;
			buildActionMask = 2147483647;
			files = (
			);
			runOnlyForDeploymentPostprocessing = 0;
		};
		CE38E9EB265399B900DE336B /* Frameworks */ = {
			isa = PBXFrameworksBuildPhase;
			buildActionMask = 2147483647;
			files = (
			);
			runOnlyForDeploymentPostprocessing = 0;
		};
/* End PBXFrameworksBuildPhase section */

/* Begin PBXGroup section */
		CE38E9C4265399B800DE336B = {
			isa = PBXGroup;
			children = (
				CE38E9CF265399B800DE336B /* PhotoMaster */,
				CE38E9E6265399B900DE336B /* PhotoMasterTests */,
				CE38E9F1265399B900DE336B /* PhotoMasterUITests */,
				CE38E9CE265399B800DE336B /* Products */,
			);
			sourceTree = "<group>";
		};
		CE38E9CE265399B800DE336B /* Products */ = {
			isa = PBXGroup;
			children = (
				CE38E9CD265399B800DE336B /* PhotoMaster.app */,
				CE38E9E3265399B900DE336B /* PhotoMasterTests.xctest */,
				CE38E9EE265399B900DE336B /* PhotoMasterUITests.xctest */,
			);
			name = Products;
			sourceTree = "<group>";
		};
		CE38E9CF265399B800DE336B /* PhotoMaster */ = {
			isa = PBXGroup;
			children = (
				CE38E9D0265399B800DE336B /* AppDelegate.swift */,
				CE38E9D2265399B800DE336B /* SceneDelegate.swift */,
				CE38E9D4265399B800DE336B /* ViewController.swift */,
				CE38E9D6265399B800DE336B /* Main.storyboard */,
				CE38E9D9265399B900DE336B /* Assets.xcassets */,
				CE38E9DB265399B900DE336B /* LaunchScreen.storyboard */,
				CE38E9DE265399B900DE336B /* Info.plist */,
			);
			path = PhotoMaster;
			sourceTree = "<group>";
		};
		CE38E9E6265399B900DE336B /* PhotoMasterTests */ = {
			isa = PBXGroup;
			children = (
				CE38E9E7265399B900DE336B /* PhotoMasterTests.swift */,
				CE38E9E9265399B900DE336B /* Info.plist */,
			);
			path = PhotoMasterTests;
			sourceTree = "<group>";
		};
		CE38E9F1265399B900DE336B /* PhotoMasterUITests */ = {
			isa = PBXGroup;
			children = (
				CE38E9F2265399B900DE336B /* PhotoMasterUITests.swift */,
				CE38E9F4265399B900DE336B /* Info.plist */,
			);
			path = PhotoMasterUITests;
			sourceTree = "<group>";
		};
/* End PBXGroup section */

/* Begin PBXNativeTarget section */
		CE38E9CC265399B800DE336B /* PhotoMaster */ = {
			isa = PBXNativeTarget;
			buildConfigurationList = CE38E9F7265399B900DE336B /* Build configuration list for PBXNativeTarget "PhotoMaster" */;
			buildPhases = (
				CE38E9C9265399B800DE336B /* Sources */,
				CE38E9CA265399B800DE336B /* Frameworks */,
				CE38E9CB265399B800DE336B /* Resources */,
			);
			buildRules = (
			);
			dependencies = (
			);
			name = PhotoMaster;
			productName = PhotoMaster;
			productReference = CE38E9CD265399B800DE336B /* PhotoMaster.app */;
			productType = "com.apple.product-type.application";
		};
		CE38E9E2265399B900DE336B /* PhotoMasterTests */ = {
			isa = PBXNativeTarget;
			buildConfigurationList = CE38E9FA265399B900DE336B /* Build configuration list for PBXNativeTarget "PhotoMasterTests" */;
			buildPhases = (
				CE38E9DF265399B900DE336B /* Sources */,
				CE38E9E0265399B900DE336B /* Frameworks */,
				CE38E9E1265399B900DE336B /* Resources */,
			);
			buildRules = (
			);
			dependencies = (
				CE38E9E5265399B900DE336B /* PBXTargetDependency */,
			);
			name = PhotoMasterTests;
			productName = PhotoMasterTests;
			productReference = CE38E9E3265399B900DE336B /* PhotoMasterTests.xctest */;
			productType = "com.apple.product-type.bundle.unit-test";
		};
		CE38E9ED265399B900DE336B /* PhotoMasterUITests */ = {
			isa = PBXNativeTarget;
			buildConfigurationList = CE38E9FD265399B900DE336B /* Build configuration list for PBXNativeTarget "PhotoMasterUITests" */;
			buildPhases = (
				CE38E9EA265399B900DE336B /* Sources */,
				CE38E9EB265399B900DE336B /* Frameworks */,
				CE38E9EC265399B900DE336B /* Resources */,
			);
			buildRules = (
			);
			dependencies = (
				CE38E9F0265399B900DE336B /* PBXTargetDependency */,
			);
			name = PhotoMasterUITests;
			productName = PhotoMasterUITests;
			productReference = CE38E9EE265399B900DE336B /* PhotoMasterUITests.xctest */;
			productType = "com.apple.product-type.bundle.ui-testing";
		};
/* End PBXNativeTarget section */

/* Begin PBXProject section */
		CE38E9C5265399B800DE336B /* Project object */ = {
			isa = PBXProject;
			attributes = {
				LastSwiftUpdateCheck = 1250;
				LastUpgradeCheck = 1250;
				TargetAttributes = {
					CE38E9CC265399B800DE336B = {
						CreatedOnToolsVersion = 12.5;
					};
					CE38E9E2265399B900DE336B = {
						CreatedOnToolsVersion = 12.5;
						TestTargetID = CE38E9CC265399B800DE336B;
					};
					CE38E9ED265399B900DE336B = {
						CreatedOnToolsVersion = 12.5;
						TestTargetID = CE38E9CC265399B800DE336B;
					};
				};
			};
			buildConfigurationList = CE38E9C8265399B800DE336B /* Build configuration list for PBXProject "PhotoMaster" */;
			compatibilityVersion = "Xcode 9.3";
			developmentRegion = en;
			hasScannedForEncodings = 0;
			knownRegions = (
				en,
				Base,
			);
			mainGroup = CE38E9C4265399B800DE336B;
			productRefGroup = CE38E9CE265399B800DE336B /* Products */;
			projectDirPath = "";
			projectRoot = "";
			targets = (
				CE38E9CC265399B800DE336B /* PhotoMaster */,
				CE38E9E2265399B900DE336B /* PhotoMasterTests */,
				CE38E9ED265399B900DE336B /* PhotoMasterUITests */,
			);
		};
/* End PBXProject section */

/* Begin PBXResourcesBuildPhase section */
		CE38E9CB265399B800DE336B /* Resources */ = {
			isa = PBXResourcesBuildPhase;
			buildActionMask = 2147483647;
			files = (
				CE38E9DD265399B900DE336B /* LaunchScreen.storyboard in Resources */,
				CE38E9DA265399B900DE336B /* Assets.xcassets in Resources */,
				CE38E9D8265399B800DE336B /* Main.storyboard in Resources */,
			);
			runOnlyForDeploymentPostprocessing = 0;
		};
		CE38E9E1265399B900DE336B /* Resources */ = {
			isa = PBXResourcesBuildPhase;
			buildActionMask = 2147483647;
			files = (
			);
			runOnlyForDeploymentPostprocessing = 0;
		};
		CE38E9EC265399B900DE336B /* Resources */ = {
			isa = PBXResourcesBuildPhase;
			buildActionMask = 2147483647;
			files = (
			);
			runOnlyForDeploymentPostprocessing = 0;
		};
/* End PBXResourcesBuildPhase section */

/* Begin PBXSourcesBuildPhase section */
		CE38E9C9265399B800DE336B /* Sources */ = {
			isa = PBXSourcesBuildPhase;
			buildActionMask = 2147483647;
			files = (
				CE38E9D5265399B800DE336B /* ViewController.swift in Sources */,
				CE38E9D1265399B800DE336B /* AppDelegate.swift in Sources */,
				CE38E9D3265399B800DE336B /* SceneDelegate.swift in Sources */,
			);
			runOnlyForDeploymentPostprocessing = 0;
		};
		CE38E9DF265399B900DE336B /* Sources */ = {
			isa = PBXSourcesBuildPhase;
			buildActionMask = 2147483647;
			files = (
				CE38E9E8265399B900DE336B /* PhotoMasterTests.swift in Sources */,
			);
			runOnlyForDeploymentPostprocessing = 0;
		};
		CE38E9EA265399B900DE336B /* Sources */ = {
			isa = PBXSourcesBuildPhase;
			buildActionMask = 2147483647;
			files = (
				CE38E9F3265399B900DE336B /* PhotoMasterUITests.swift in Sources */,
			);
			runOnlyForDeploymentPostprocessing = 0;
		};
/* End PBXSourcesBuildPhase section */

/* Begin PBXTargetDependency section */
		CE38E9E5265399B900DE336B /* PBXTargetDependency */ = {
			isa = PBXTargetDependency;
			target = CE38E9CC265399B800DE336B /* PhotoMaster */;
			targetProxy = CE38E9E4265399B900DE336B /* PBXContainerItemProxy */;
		};
		CE38E9F0265399B900DE336B /* PBXTargetDependency */ = {
			isa = PBXTargetDependency;
			target = CE38E9CC265399B800DE336B /* PhotoMaster */;
			targetProxy = CE38E9EF265399B900DE336B /* PBXContainerItemProxy */;
		};
/* End PBXTargetDependency section */

/* Begin PBXVariantGroup section */
		CE38E9D6265399B800DE336B /* Main.storyboard */ = {
			isa = PBXVariantGroup;
			children = (
				CE38E9D7265399B800DE336B /* Base */,
			);
			name = Main.storyboard;
			sourceTree = "<group>";
		};
		CE38E9DB265399B900DE336B /* LaunchScreen.storyboard */ = {
			isa = PBXVariantGroup;
			children = (
				CE38E9DC265399B900DE336B /* Base */,
			);
			name = LaunchScreen.storyboard;
			sourceTree = "<group>";
		};
/* End PBXVariantGroup section */

/* Begin XCBuildConfiguration section */
		CE38E9F5265399B900DE336B /* Debug */ = {
			isa = XCBuildConfiguration;
			buildSettings = {
				ALWAYS_SEARCH_USER_PATHS = NO;
				CLANG_ANALYZER_NONNULL = YES;
				CLANG_ANALYZER_NUMBER_OBJECT_CONVERSION = YES_AGGRESSIVE;
				CLANG_CXX_LANGUAGE_STANDARD = "gnu++14";
				CLANG_CXX_LIBRARY = "libc++";
				CLANG_ENABLE_MODULES = YES;
				CLANG_ENABLE_OBJC_ARC = YES;
				CLANG_ENABLE_OBJC_WEAK = YES;
				CLANG_WARN_BLOCK_CAPTURE_AUTORELEASING = YES;
				CLANG_WARN_BOOL_CONVERSION = YES;
				CLANG_WARN_COMMA = YES;
				CLANG_WARN_CONSTANT_CONVERSION = YES;
				CLANG_WARN_DEPRECATED_OBJC_IMPLEMENTATIONS = YES;
				CLANG_WARN_DIRECT_OBJC_ISA_USAGE = YES_ERROR;
				CLANG_WARN_DOCUMENTATION_COMMENTS = YES;
				CLANG_WARN_EMPTY_BODY = YES;
				CLANG_WARN_ENUM_CONVERSION = YES;
				CLANG_WARN_INFINITE_RECURSION = YES;
				CLANG_WARN_INT_CONVERSION = YES;
				CLANG_WARN_NON_LITERAL_NULL_CONVERSION = YES;
				CLANG_WARN_OBJC_IMPLICIT_RETAIN_SELF = YES;
				CLANG_WARN_OBJC_LITERAL_CONVERSION = YES;
				CLANG_WARN_OBJC_ROOT_CLASS = YES_ERROR;
				CLANG_WARN_QUOTED_INCLUDE_IN_FRAMEWORK_HEADER = YES;
				CLANG_WARN_RANGE_LOOP_ANALYSIS = YES;
				CLANG_WARN_STRICT_PROTOTYPES = YES;
				CLANG_WARN_SUSPICIOUS_MOVE = YES;
				CLANG_WARN_UNGUARDED_AVAILABILITY = YES_AGGRESSIVE;
				CLANG_WARN_UNREACHABLE_CODE = YES;
				CLANG_WARN__DUPLICATE_METHOD_MATCH = YES;
				COPY_PHASE_STRIP = NO;
				DEBUG_INFORMATION_FORMAT = dwarf;
				ENABLE_STRICT_OBJC_MSGSEND = YES;
				ENABLE_TESTABILITY = YES;
				GCC_C_LANGUAGE_STANDARD = gnu11;
				GCC_DYNAMIC_NO_PIC = NO;
				GCC_NO_COMMON_BLOCKS = YES;
				GCC_OPTIMIZATION_LEVEL = 0;
				GCC_PREPROCESSOR_DEFINITIONS = (
					"DEBUG=1",
					"$(inherited)",
				);
				GCC_WARN_64_TO_32_BIT_CONVERSION = YES;
				GCC_WARN_ABOUT_RETURN_TYPE = YES_ERROR;
				GCC_WARN_UNDECLARED_SELECTOR = YES;
				GCC_WARN_UNINITIALIZED_AUTOS = YES_AGGRESSIVE;
				GCC_WARN_UNUSED_FUNCTION = YES;
				GCC_WARN_UNUSED_VARIABLE = YES;
				IPHONEOS_DEPLOYMENT_TARGET = 14.5;
				MTL_ENABLE_DEBUG_INFO = INCLUDE_SOURCE;
				MTL_FAST_MATH = YES;
				ONLY_ACTIVE_ARCH = YES;
				SDKROOT = iphoneos;
				SWIFT_ACTIVE_COMPILATION_CONDITIONS = DEBUG;
				SWIFT_OPTIMIZATION_LEVEL = "-Onone";
			};
			name = Debug;
		};
		CE38E9F6265399B900DE336B /* Release */ = {
			isa = XCBuildConfiguration;
			buildSettings = {
				ALWAYS_SEARCH_USER_PATHS = NO;
				CLANG_ANALYZER_NONNULL = YES;
				CLANG_ANALYZER_NUMBER_OBJECT_CONVERSION = YES_AGGRESSIVE;
				CLANG_CXX_LANGUAGE_STANDARD = "gnu++14";
				CLANG_CXX_LIBRARY = "libc++";
				CLANG_ENABLE_MODULES = YES;
				CLANG_ENABLE_OBJC_ARC = YES;
				CLANG_ENABLE_OBJC_WEAK = YES;
				CLANG_WARN_BLOCK_CAPTURE_AUTORELEASING = YES;
				CLANG_WARN_BOOL_CONVERSION = YES;
				CLANG_WARN_COMMA = YES;
				CLANG_WARN_CONSTANT_CONVERSION = YES;
				CLANG_WARN_DEPRECATED_OBJC_IMPLEMENTATIONS = YES;
				CLANG_WARN_DIRECT_OBJC_ISA_USAGE = YES_ERROR;
				CLANG_WARN_DOCUMENTATION_COMMENTS = YES;
				CLANG_WARN_EMPTY_BODY = YES;
				CLANG_WARN_ENUM_CONVERSION = YES;
				CLANG_WARN_INFINITE_RECURSION = YES;
				CLANG_WARN_INT_CONVERSION = YES;
				CLANG_WARN_NON_LITERAL_NULL_CONVERSION = YES;
				CLANG_WARN_OBJC_IMPLICIT_RETAIN_SELF = YES;
				CLANG_WARN_OBJC_LITERAL_CONVERSION = YES;
				CLANG_WARN_OBJC_ROOT_CLASS = YES_ERROR;
				CLANG_WARN_QUOTED_INCLUDE_IN_FRAMEWORK_HEADER = YES;
				CLANG_WARN_RANGE_LOOP_ANALYSIS = YES;
				CLANG_WARN_STRICT_PROTOTYPES = YES;
				CLANG_WARN_SUSPICIOUS_MOVE = YES;
				CLANG_WARN_UNGUARDED_AVAILABILITY = YES_AGGRESSIVE;
				CLANG_WARN_UNREACHABLE_CODE = YES;
				CLANG_WARN__DUPLICATE_METHOD_MATCH = YES;
				COPY_PHASE_STRIP = NO;
				DEBUG_INFORMATION_FORMAT = "dwarf-with-dsym";
				ENABLE_NS_ASSERTIONS = NO;
				ENABLE_STRICT_OBJC_MSGSEND = YES;
				GCC_C_LANGUAGE_STANDARD = gnu11;
				GCC_NO_COMMON_BLOCKS = YES;
				GCC_WARN_64_TO_32_BIT_CONVERSION = YES;
				GCC_WARN_ABOUT_RETURN_TYPE = YES_ERROR;
				GCC_WARN_UNDECLARED_SELECTOR = YES;
				GCC_WARN_UNINITIALIZED_AUTOS = YES_AGGRESSIVE;
				GCC_WARN_UNUSED_FUNCTION = YES;
				GCC_WARN_UNUSED_VARIABLE = YES;
				IPHONEOS_DEPLOYMENT_TARGET = 14.5;
				MTL_ENABLE_DEBUG_INFO = NO;
				MTL_FAST_MATH = YES;
				SDKROOT = iphoneos;
				SWIFT_COMPILATION_MODE = wholemodule;
				SWIFT_OPTIMIZATION_LEVEL = "-O";
				VALIDATE_PRODUCT = YES;
			};
			name = Release;
		};
		CE38E9F8265399B900DE336B /* Debug */ = {
			isa = XCBuildConfiguration;
			buildSettings = {
				ASSETCATALOG_COMPILER_APPICON_NAME = AppIcon;
				ASSETCATALOG_COMPILER_GLOBAL_ACCENT_COLOR_NAME = AccentColor;
				CODE_SIGN_STYLE = Automatic;
				DEVELOPMENT_TEAM = RQ3MC6PFP6;
				INFOPLIST_FILE = PhotoMaster/Info.plist;
				LD_RUNPATH_SEARCH_PATHS = (
					"$(inherited)",
					"@executable_path/Frameworks",
				);
				PRODUCT_BUNDLE_IDENTIFIER = app.yasuda.cory.PhotoMaster;
				PRODUCT_NAME = "$(TARGET_NAME)";
				SWIFT_VERSION = 5.0;
				TARGETED_DEVICE_FAMILY = "1,2";
			};
			name = Debug;
		};
		CE38E9F9265399B900DE336B /* Release */ = {
			isa = XCBuildConfiguration;
			buildSettings = {
				ASSETCATALOG_COMPILER_APPICON_NAME = AppIcon;
				ASSETCATALOG_COMPILER_GLOBAL_ACCENT_COLOR_NAME = AccentColor;
				CODE_SIGN_STYLE = Automatic;
				DEVELOPMENT_TEAM = RQ3MC6PFP6;
				INFOPLIST_FILE = PhotoMaster/Info.plist;
				LD_RUNPATH_SEARCH_PATHS = (
					"$(inherited)",
					"@executable_path/Frameworks",
				);
				PRODUCT_BUNDLE_IDENTIFIER = app.yasuda.cory.PhotoMaster;
				PRODUCT_NAME = "$(TARGET_NAME)";
				SWIFT_VERSION = 5.0;
				TARGETED_DEVICE_FAMILY = "1,2";
			};
			name = Release;
		};
		CE38E9FB265399B900DE336B /* Debug */ = {
			isa = XCBuildConfiguration;
			buildSettings = {
				ALWAYS_EMBED_SWIFT_STANDARD_LIBRARIES = YES;
				BUNDLE_LOADER = "$(TEST_HOST)";
				CODE_SIGN_STYLE = Automatic;
				DEVELOPMENT_TEAM = RQ3MC6PFP6;
				INFOPLIST_FILE = PhotoMasterTests/Info.plist;
				IPHONEOS_DEPLOYMENT_TARGET = 14.5;
				LD_RUNPATH_SEARCH_PATHS = (
					"$(inherited)",
					"@executable_path/Frameworks",
					"@loader_path/Frameworks",
				);
				PRODUCT_BUNDLE_IDENTIFIER = app.yasuda.cory.PhotoMasterTests;
				PRODUCT_NAME = "$(TARGET_NAME)";
				SWIFT_VERSION = 5.0;
				TARGETED_DEVICE_FAMILY = "1,2";
				TEST_HOST = "$(BUILT_PRODUCTS_DIR)/PhotoMaster.app/PhotoMaster";
			};
			name = Debug;
		};
		CE38E9FC265399B900DE336B /* Release */ = {
			isa = XCBuildConfiguration;
			buildSettings = {
				ALWAYS_EMBED_SWIFT_STANDARD_LIBRARIES = YES;
				BUNDLE_LOADER = "$(TEST_HOST)";
				CODE_SIGN_STYLE = Automatic;
				DEVELOPMENT_TEAM = RQ3MC6PFP6;
				INFOPLIST_FILE = PhotoMasterTests/Info.plist;
				IPHONEOS_DEPLOYMENT_TARGET = 14.5;
				LD_RUNPATH_SEARCH_PATHS = (
					"$(inherited)",
					"@executable_path/Frameworks",
					"@loader_path/Frameworks",
				);
				PRODUCT_BUNDLE_IDENTIFIER = app.yasuda.cory.PhotoMasterTests;
				PRODUCT_NAME = "$(TARGET_NAME)";
				SWIFT_VERSION = 5.0;
				TARGETED_DEVICE_FAMILY = "1,2";
				TEST_HOST = "$(BUILT_PRODUCTS_DIR)/PhotoMaster.app/PhotoMaster";
			};
			name = Release;
		};
		CE38E9FE265399B900DE336B /* Debug */ = {
			isa = XCBuildConfiguration;
			buildSettings = {
				ALWAYS_EMBED_SWIFT_STANDARD_LIBRARIES = YES;
				CODE_SIGN_STYLE = Automatic;
				DEVELOPMENT_TEAM = RQ3MC6PFP6;
				INFOPLIST_FILE = PhotoMasterUITests/Info.plist;
				LD_RUNPATH_SEARCH_PATHS = (
					"$(inherited)",
					"@executable_path/Frameworks",
					"@loader_path/Frameworks",
				);
				PRODUCT_BUNDLE_IDENTIFIER = app.yasuda.cory.PhotoMasterUITests;
				PRODUCT_NAME = "$(TARGET_NAME)";
				SWIFT_VERSION = 5.0;
				TARGETED_DEVICE_FAMILY = "1,2";
				TEST_TARGET_NAME = PhotoMaster;
			};
			name = Debug;
		};
		CE38E9FF265399B900DE336B /* Release */ = {
			isa = XCBuildConfiguration;
			buildSettings = {
				ALWAYS_EMBED_SWIFT_STANDARD_LIBRARIES = YES;
				CODE_SIGN_STYLE = Automatic;
				DEVELOPMENT_TEAM = RQ3MC6PFP6;
				INFOPLIST_FILE = PhotoMasterUITests/Info.plist;
				LD_RUNPATH_SEARCH_PATHS = (
					"$(inherited)",
					"@executable_path/Frameworks",
					"@loader_path/Frameworks",
				);
				PRODUCT_BUNDLE_IDENTIFIER = app.yasuda.cory.PhotoMasterUITests;
				PRODUCT_NAME = "$(TARGET_NAME)";
				SWIFT_VERSION = 5.0;
				TARGETED_DEVICE_FAMILY = "1,2";
				TEST_TARGET_NAME = PhotoMaster;
			};
			name = Release;
		};
/* End XCBuildConfiguration section */

/* Begin XCConfigurationList section */
		CE38E9C8265399B800DE336B /* Build configuration list for PBXProject "PhotoMaster" */ = {
			isa = XCConfigurationList;
			buildConfigurations = (
				CE38E9F5265399B900DE336B /* Debug */,
				CE38E9F6265399B900DE336B /* Release */,
			);
			defaultConfigurationIsVisible = 0;
			defaultConfigurationName = Release;
		};
		CE38E9F7265399B900DE336B /* Build configuration list for PBXNativeTarget "PhotoMaster" */ = {
			isa = XCConfigurationList;
			buildConfigurations = (
				CE38E9F8265399B900DE336B /* Debug */,
				CE38E9F9265399B900DE336B /* Release */,
			);
			defaultConfigurationIsVisible = 0;
			defaultConfigurationName = Release;
		};
		CE38E9FA265399B900DE336B /* Build configuration list for PBXNativeTarget "PhotoMasterTests" */ = {
			isa = XCConfigurationList;
			buildConfigurations = (
				CE38E9FB265399B900DE336B /* Debug */,
				CE38E9FC265399B900DE336B /* Release */,
			);
			defaultConfigurationIsVisible = 0;
			defaultConfigurationName = Release;
		};
		CE38E9FD265399B900DE336B /* Build configuration list for PBXNativeTarget "PhotoMasterUITests" */ = {
			isa = XCConfigurationList;
			buildConfigurations = (
				CE38E9FE265399B900DE336B /* Debug */,
				CE38E9FF265399B900DE336B /* Release */,
			);
			defaultConfigurationIsVisible = 0;
			defaultConfigurationName = Release;
		};
/* End XCConfigurationList section */
	};
	rootObject = CE38E9C5265399B800DE336B /* Project object */;
}
